{
  "name": "homework_2",
  "version": "1.0.0",
  "lockfileVersion": 3,
  "requires": true,
  "packages": {
    "": {
      "name": "homework_2",
      "version": "1.0.0",
      "license": "ISC",
      "dependencies": {
        "msh_generate_pw": "^1.0.1"
      },
      "devDependencies": {}
    },
    "node_modules/msh_generate_pw": {
      "version": "1.0.2",
      "resolved": "https://registry.npmjs.org/msh_generate_pw/-/msh_generate_pw-1.0.2.tgz",
      "integrity": "sha512-u+286XDELkOj22ZA4kp/lfbYOFIPbeBC/I+Quu4Z25JC/QKwTLeZwYms1lZmXNZwBNrltrGVqKAEXIBvizEDhQ=="
    }
  }
}
